{
  "name": "RPT-DASHBOARD",
  "lockfileVersion": 3,
  "requires": true,
  "packages": {
    "": {
      "dependencies": {
        "@letta-ai/letta-client": "^1.12.1",
        "cookie-parser": "^1.4.7",
        "create-vite": "^9.0.3"
      }
    },
    "node_modules/@letta-ai/letta-client": {
      "version": "1.12.1",
      "resolved": "https://registry.npmjs.org/@letta-ai/letta-client/-/letta-client-1.12.1.tgz",
      "integrity": "sha512-rYjXMXpkfssj7VBBX3qCp6mdpNRv6YPNrliYsjkhWoQDqGg3J9bsgIQ28ZhQTddabYxRUIwcdzuaizFx8pvZ7A==",
      "license": "Apache-2.0"
    },
    "node_modules/cookie": {
      "version": "0.7.2",
      "resolved": "https://registry.npmjs.org/cookie/-/cookie-0.7.2.tgz",
      "integrity": "sha512-yki5XnKuf750l50uGTllt6kKILY4nQ1eNIQatoXEByZ5dWgnKqbnqmTrBE5B4N7lrMJKQ2ytWMiTO2o0v6Ew/w==",
      "license": "MIT",
      "engines": {
        "node": ">= 0.6"
      }
    },
    "node_modules/cookie-parser": {
      "version": "1.4.7",
      "resolved": "https://registry.npmjs.org/cookie-parser/-/cookie-parser-1.4.7.tgz",
      "integrity": "sha512-nGUvgXnotP3BsjiLX2ypbQnWoGUPIIfHQNZkkC668ntrzGWEZVW70HDEB1qnNGMicPje6EttlIgzo51YSwNQGw==",
      "license": "MIT",
      "dependencies": {
        "cookie": "0.7.2",
        "cookie-signature": "1.0.6"
      },
      "engines": {
        "node": ">= 0.8.0"
      }
    },
    "node_modules/cookie-signature": {
      "version": "1.0.6",
      "resolved": "https://registry.npmjs.org/cookie-signature/-/cookie-signature-1.0.6.tgz",
      "integrity": "sha512-QADzlaHc8icV8I7vbaJXJwod9HWYp8uCqf1xa4OfNu1T7JVxQIrUgOWtHdNDtPiywmFbiS12VjotIXLrKM3orQ==",
      "license": "MIT"
    },
    "node_modules/create-vite": {
      "version": "9.0.3",
      "resolved": "https://registry.npmjs.org/create-vite/-/create-vite-9.0.3.tgz",
      "integrity": "sha512-eYcVOj/fzVEDFjjEURP93TTC11CmOHtnbeTz1/aEEnL+O1dEyEYzfPWE/JfxbksQ9ztlkxMZ5XG3KjVGDks0xw==",
      "license": "MIT",
      "bin": {
        "create-vite": "index.js",
        "cva": "index.js"
      },
      "engines": {
        "node": "^20.19.0 || >=22.12.0"
      },
      "funding": {
        "url": "https://github.com/vitejs/vite?sponsor=1"
      }
    }
  }
}
